{
  "name": "status-echo-bot",
  "lockfileVersion": 3,
  "requires": true,
  "packages": {
    "": {
      "name": "status-echo-bot",
      "dependencies": {
        "status-bot-lib": "file:../bot-lib"
      }
    },
    "../bot-lib": {
      "name": "status-bot-lib",
      "dependencies": {
        "@xmtp/node-sdk": "^6.1.0",
        "viem": "^2.56.3"
      }
    },
    "node_modules/status-bot-lib": {
      "resolved": "../bot-lib",
      "link": true
    }
  }
}
